<Solution>
  <Configurations>
    <Platform Name="Any CPU" />
    <Platform Name="ARM" />
    <Platform Name="ARM64" />
    <Platform Name="WASM32" />
    <Platform Name="X64" />
    <Platform Name="x86" />
  </Configurations>
  <Project Path="ch02/ch02.zigproj" Type="98e5f03a-0b5f-41b0-a3fa-df2b47b954c1" Id="8140d998-906f-435f-9aed-370a0f8ca360">
    <Platform Solution="*|x86" Project="Win32" />
  </Project>
  <Project Path="ch03/ch03.zigproj" Type="98e5f03a-0b5f-41b0-a3fa-df2b47b954c1" Id="0b0083ef-49a5-486c-8b6a-4878a4fbe5e2" />
  <Project Path="ch04/ch04.zigproj" Type="98e5f03a-0b5f-41b0-a3fa-df2b47b954c1" Id="b3ab6095-2e27-4f1c-bdc3-bbf0a0b2ece9" />
  <Project Path="ch05/ch05.zigproj" Type="98e5f03a-0b5f-41b0-a3fa-df2b47b954c1" Id="371b483d-72a6-4c49-9c49-b4db87086855" />
  <Project Path="ch06_1/ch06_1.zigproj" Type="98e5f03a-0b5f-41b0-a3fa-df2b47b954c1" Id="59af8af5-aa6e-470f-9dec-526c23110e43" />
  <Project Path="ch06_2/ch06_2.zigproj" Type="98e5f03a-0b5f-41b0-a3fa-df2b47b954c1" Id="352f3763-5a70-4bd1-a936-3409f082b6cb" />
  <Project Path="ch06_7/ch06_7.zigproj" Type="98e5f03a-0b5f-41b0-a3fa-df2b47b954c1" Id="21bcd20f-7e75-4fa6-8068-c6ee764bcfe6" />
  <Project Path="ch06_8/ch06_8.zigproj" Type="98e5f03a-0b5f-41b0-a3fa-df2b47b954c1" Id="75a58839-f02a-4305-9340-ce0deae04b60" />
  <Project Path="ch07/ch07.zigproj" Type="98e5f03a-0b5f-41b0-a3fa-df2b47b954c1" Id="216d5a57-74dd-48fb-9606-ebab33022087" />
  <Project Path="ch08/ch08.zigproj" Type="98e5f03a-0b5f-41b0-a3fa-df2b47b954c1" Id="093b881d-a7a9-48b8-afa9-c9c86f50620d" />
  <Project Path="ch09_1/ch09_1.zigproj" Type="98e5f03a-0b5f-41b0-a3fa-df2b47b954c1" Id="c99c8816-5745-4eb6-9ee1-b643d87695fd" />
  <Project Path="ch09_2/ch09_2.zigproj" Type="98e5f03a-0b5f-41b0-a3fa-df2b47b954c1" Id="db66564c-7f39-4ebb-93f7-049a476d4be8" />
  <Project Path="ch09_3/ch09_3.zigproj" Type="98e5f03a-0b5f-41b0-a3fa-df2b47b954c1" Id="2e70cc44-e8c9-4949-83f1-ba97ffa6eb12" />
  <Project Path="ch09_4/ch09_4.zigproj" Type="98e5f03a-0b5f-41b0-a3fa-df2b47b954c1" Id="40eb570f-6402-475d-8b74-c08490b7eaef" />
  <Project Path="ch09_5/ch09_5.zigproj" Type="98e5f03a-0b5f-41b0-a3fa-df2b47b954c1" Id="382aa49d-cde5-4067-ac49-d1ed5103a5e5" />
  <Project Path="ch10_5/ch10_5.zigproj" Type="98e5f03a-0b5f-41b0-a3fa-df2b47b954c1" Id="df4605e7-8ff2-4074-8566-b5f6fcf36f48" />
  <Project Path="ch10_6/ch10_6.zigproj" Type="98e5f03a-0b5f-41b0-a3fa-df2b47b954c1" Id="493981af-14a7-4eb2-9217-601ffaa92bfd" />
  <Project Path="ch11_2/ch11_2.zigproj" Type="98e5f03a-0b5f-41b0-a3fa-df2b47b954c1" Id="a307205f-8d0a-4b0b-85e5-6f4768706832" />
  <Project Path="ch11_3/ch11_3.zigproj" Type="98e5f03a-0b5f-41b0-a3fa-df2b47b954c1" Id="9f8c0ed2-23c4-4ba3-9187-eea57bfbb3a4" />
  <Project Path="ch11_5/ch11_5.zigproj" Type="98e5f03a-0b5f-41b0-a3fa-df2b47b954c1" Id="9af4ee74-30b0-4449-8e95-114683206ba9" />
  <Project Path="ch12_1/ch12_1.zigproj" Type="98e5f03a-0b5f-41b0-a3fa-df2b47b954c1" Id="bd4f78ba-29a3-4b4c-8c5b-9250f0a9aa7c" />
  <Project Path="ch12_2/ch12_2.zigproj" Type="98e5f03a-0b5f-41b0-a3fa-df2b47b954c1" Id="9b75556e-7f44-4151-94a5-13fa49f2c3d1" />
  <Project Path="ch13/ch13.zigproj" Type="98e5f03a-0b5f-41b0-a3fa-df2b47b954c1" Id="5a8786b3-e661-47b4-9f95-6e09c984d964" />
  <Project Path="ch14/ch14.zigproj" Type="98e5f03a-0b5f-41b0-a3fa-df2b47b954c1" Id="5cc969ac-1c0b-438a-b413-f132b7eb4770" />
  <Project Path="ch14_thread/ch14_thread.zigproj" Type="98e5f03a-0b5f-41b0-a3fa-df2b47b954c1" Id="22874660-318d-4279-9883-56fa34491e3f" />
</Solution>
